
Microsoft Visual Studio Solution File, Format Version 12.00
# Visual Studio Version 16
VisualStudioVersion = 16.0.32002.261
MinimumVisualStudioVersion = 10.0.40219.1
Project("{8BC9CEB8-8B4A-11D0-8D11-00A0C91BC942}") = "VolumeRendering_RayTraycing", "VolumeRendering_RayTraycing\VolumeRendering_RayTraycing.vcxproj", "{B06C8109-E3C3-4971-A5E4-DD86A35C9A46}"
EndProject
Global
	GlobalSection(SolutionConfigurationPlatforms) = preSolution
		Debug|x64 = Debug|x64
		Release|x64 = Release|x64
	EndGlobalSection
	GlobalSection(ProjectConfigurationPlatforms) = postSolution
		{B06C8109-E3C3-4971-A5E4-DD86A35C9A46}.Debug|x64.ActiveCfg = Debug|x64
		{B06C8109-E3C3-4971-A5E4-DD86A35C9A46}.Debug|x64.Build.0 = Debug|x64
		{B06C8109-E3C3-4971-A5E4-DD86A35C9A46}.Release|x64.ActiveCfg = Release|x64
		{B06C8109-E3C3-4971-A5E4-DD86A35C9A46}.Release|x64.Build.0 = Release|x64
	EndGlobalSection
	GlobalSection(SolutionProperties) = preSolution
		HideSolutionNode = FALSE
	EndGlobalSection
	GlobalSection(ExtensibilityGlobals) = postSolution
		SolutionGuid = {2019E453-6B53-48E5-B564-01D91A32EFD5}
	EndGlobalSection
EndGlobal
