
Microsoft Visual Studio Solution File, Format Version 12.00
# Visual Studio Version 16
VisualStudioVersion = 16.0.32002.261
MinimumVisualStudioVersion = 10.0.40219.1
Project("{8BC9CEB8-8B4A-11D0-8D11-00A0C91BC942}") = "CudaOpenGL", "CudaOpenGL\CudaOpenGL.vcxproj", "{C136EB42-9B83-4CB5-8529-CC93AEB4BD2C}"
EndProject
Project("{8BC9CEB8-8B4A-11D0-8D11-00A0C91BC942}") = "RayTracingInC", "RayTracingInC\RayTracingInC.vcxproj", "{E5A45AAB-819E-4993-AB71-6C65B8AC2D3A}"
EndProject
Project("{8BC9CEB8-8B4A-11D0-8D11-00A0C91BC942}") = "RayTracingInCUDA", "RayTracingInCUDA\RayTracingInCUDA.vcxproj", "{A9D08AB5-7F34-462C-8F05-2212DF251294}"
EndProject
Project("{8BC9CEB8-8B4A-11D0-8D11-00A0C91BC942}") = "RayTracing", "RayTracing\RayTracing.vcxproj", "{7A0B0ABF-155E-4AED-9794-FB8092F0B2A1}"
EndProject
Global
	GlobalSection(SolutionConfigurationPlatforms) = preSolution
		Debug|x64 = Debug|x64
		Debug|x86 = Debug|x86
		Release|x64 = Release|x64
		Release|x86 = Release|x86
	EndGlobalSection
	GlobalSection(ProjectConfigurationPlatforms) = postSolution
		{C136EB42-9B83-4CB5-8529-CC93AEB4BD2C}.Debug|x64.ActiveCfg = Debug|x64
		{C136EB42-9B83-4CB5-8529-CC93AEB4BD2C}.Debug|x64.Build.0 = Debug|x64
		{C136EB42-9B83-4CB5-8529-CC93AEB4BD2C}.Debug|x86.ActiveCfg = Debug|x64
		{C136EB42-9B83-4CB5-8529-CC93AEB4BD2C}.Release|x64.ActiveCfg = Release|x64
		{C136EB42-9B83-4CB5-8529-CC93AEB4BD2C}.Release|x64.Build.0 = Release|x64
		{C136EB42-9B83-4CB5-8529-CC93AEB4BD2C}.Release|x86.ActiveCfg = Release|x64
		{E5A45AAB-819E-4993-AB71-6C65B8AC2D3A}.Debug|x64.ActiveCfg = Debug|x64
		{E5A45AAB-819E-4993-AB71-6C65B8AC2D3A}.Debug|x64.Build.0 = Debug|x64
		{E5A45AAB-819E-4993-AB71-6C65B8AC2D3A}.Debug|x86.ActiveCfg = Debug|Win32
		{E5A45AAB-819E-4993-AB71-6C65B8AC2D3A}.Debug|x86.Build.0 = Debug|Win32
		{E5A45AAB-819E-4993-AB71-6C65B8AC2D3A}.Release|x64.ActiveCfg = Release|x64
		{E5A45AAB-819E-4993-AB71-6C65B8AC2D3A}.Release|x64.Build.0 = Release|x64
		{E5A45AAB-819E-4993-AB71-6C65B8AC2D3A}.Release|x86.ActiveCfg = Release|Win32
		{E5A45AAB-819E-4993-AB71-6C65B8AC2D3A}.Release|x86.Build.0 = Release|Win32
		{A9D08AB5-7F34-462C-8F05-2212DF251294}.Debug|x64.ActiveCfg = Debug|x64
		{A9D08AB5-7F34-462C-8F05-2212DF251294}.Debug|x64.Build.0 = Debug|x64
		{A9D08AB5-7F34-462C-8F05-2212DF251294}.Debug|x86.ActiveCfg = Debug|x64
		{A9D08AB5-7F34-462C-8F05-2212DF251294}.Release|x64.ActiveCfg = Release|x64
		{A9D08AB5-7F34-462C-8F05-2212DF251294}.Release|x64.Build.0 = Release|x64
		{A9D08AB5-7F34-462C-8F05-2212DF251294}.Release|x86.ActiveCfg = Release|x64
		{7A0B0ABF-155E-4AED-9794-FB8092F0B2A1}.Debug|x64.ActiveCfg = Debug|x64
		{7A0B0ABF-155E-4AED-9794-FB8092F0B2A1}.Debug|x64.Build.0 = Debug|x64
		{7A0B0ABF-155E-4AED-9794-FB8092F0B2A1}.Debug|x86.ActiveCfg = Debug|x64
		{7A0B0ABF-155E-4AED-9794-FB8092F0B2A1}.Release|x64.ActiveCfg = Release|x64
		{7A0B0ABF-155E-4AED-9794-FB8092F0B2A1}.Release|x64.Build.0 = Release|x64
		{7A0B0ABF-155E-4AED-9794-FB8092F0B2A1}.Release|x86.ActiveCfg = Release|x64
	EndGlobalSection
	GlobalSection(SolutionProperties) = preSolution
		HideSolutionNode = FALSE
	EndGlobalSection
	GlobalSection(ExtensibilityGlobals) = postSolution
		SolutionGuid = {2019E453-6B53-48E5-B564-01D91A32EFD5}
	EndGlobalSection
EndGlobal
