<?xml version="1.0" encoding="utf-8"?>
<Project ToolsVersion="4.0" xmlns="http://schemas.microsoft.com/developer/msbuild/2003">
  <ItemGroup>
    <ClCompile Include="main.cpp" />
    <ClCompile Include="chapter2.cpp">
      <Filter>chapter2</Filter>
    </ClCompile>
  </ItemGroup>
  <ItemGroup>
    <Filter Include="chapter2">
      <UniqueIdentifier>{b7f369d5-4ca0-4693-97c9-61d42b6b2de7}</UniqueIdentifier>
    </Filter>
  </ItemGroup>
  <ItemGroup>
    <ClInclude Include="chapter2.h">
      <Filter>chapter2</Filter>
    </ClInclude>
  </ItemGroup>
  <ItemGroup>
    <CudaCompile Include="kernelCh2.cu">
      <Filter>chapter2</Filter>
    </CudaCompile>
  </ItemGroup>
</Project>