<?xml version="1.0" encoding="utf-8"?>
<Project ToolsVersion="4.0" xmlns="http://schemas.microsoft.com/developer/msbuild/2003">
  <ItemGroup>
    <ClCompile Include="main.cpp" />
    <ClCompile Include="chapter2.cpp">
      <Filter>chapter_02</Filter>
    </ClCompile>
    <ClCompile Include="chapter3.cpp">
      <Filter>chapter_03</Filter>
    </ClCompile>
  </ItemGroup>
  <ItemGroup>
    <Filter Include="chapter_02">
      <UniqueIdentifier>{b7f369d5-4ca0-4693-97c9-61d42b6b2de7}</UniqueIdentifier>
    </Filter>
    <Filter Include="chapter_03">
      <UniqueIdentifier>{3ec4d5d4-7b79-4083-8d77-f63003192738}</UniqueIdentifier>
    </Filter>
    <Filter Include="chapter_04">
      <UniqueIdentifier>{064bddb7-12cd-49ee-a464-3d73d2ed1e87}</UniqueIdentifier>
    </Filter>
  </ItemGroup>
  <ItemGroup>
    <ClInclude Include="chapter2.h">
      <Filter>chapter_02</Filter>
    </ClInclude>
    <ClInclude Include="chapter3.h">
      <Filter>chapter_03</Filter>
    </ClInclude>
    <ClInclude Include="color.h" />
    <ClInclude Include="structs.h" />
    <ClInclude Include="vec3.cuh" />
  </ItemGroup>
  <ItemGroup>
    <CudaCompile Include="kernel_Ch2.cu">
      <Filter>chapter_02</Filter>
    </CudaCompile>
    <CudaCompile Include="kernel_Ch3.cu">
      <Filter>chapter_03</Filter>
    </CudaCompile>
  </ItemGroup>
</Project>